
Microsoft Visual Studio Solution File, Format Version 12.00
# Visual Studio Version 17
VisualStudioVersion = 17.8.34309.116
MinimumVisualStudioVersion = 10.0.40219.1
Project("{8BC9CEB8-8B4A-11D0-8D11-00A0C91BC942}") = "adventofcode1", "advent1\adventofcode.vcxproj", "{3758704C-FE4A-4CD6-94B5-219C24266CB0}"
EndProject
Project("{8BC9CEB8-8B4A-11D0-8D11-00A0C91BC942}") = "adventofcode2", "advent2\adventofcode2.vcxproj", "{E269207E-18F2-4E99-AC63-545331FE4DA7}"
EndProject
Project("{8BC9CEB8-8B4A-11D0-8D11-00A0C91BC942}") = "adventofcode3", "advent3\adventofcode3.vcxproj", "{8DBB801A-9953-4181-9A40-2688A0B39381}"
EndProject
Global
	GlobalSection(SolutionConfigurationPlatforms) = preSolution
		Debug|x64 = Debug|x64
		Debug|x86 = Debug|x86
		Release|x64 = Release|x64
		Release|x86 = Release|x86
	EndGlobalSection
	GlobalSection(ProjectConfigurationPlatforms) = postSolution
		{3758704C-FE4A-4CD6-94B5-219C24266CB0}.Debug|x64.ActiveCfg = Debug|x64
		{3758704C-FE4A-4CD6-94B5-219C24266CB0}.Debug|x64.Build.0 = Debug|x64
		{3758704C-FE4A-4CD6-94B5-219C24266CB0}.Debug|x86.ActiveCfg = Debug|Win32
		{3758704C-FE4A-4CD6-94B5-219C24266CB0}.Debug|x86.Build.0 = Debug|Win32
		{3758704C-FE4A-4CD6-94B5-219C24266CB0}.Release|x64.ActiveCfg = Release|x64
		{3758704C-FE4A-4CD6-94B5-219C24266CB0}.Release|x64.Build.0 = Release|x64
		{3758704C-FE4A-4CD6-94B5-219C24266CB0}.Release|x86.ActiveCfg = Release|Win32
		{3758704C-FE4A-4CD6-94B5-219C24266CB0}.Release|x86.Build.0 = Release|Win32
		{E269207E-18F2-4E99-AC63-545331FE4DA7}.Debug|x64.ActiveCfg = Debug|x64
		{E269207E-18F2-4E99-AC63-545331FE4DA7}.Debug|x64.Build.0 = Debug|x64
		{E269207E-18F2-4E99-AC63-545331FE4DA7}.Debug|x86.ActiveCfg = Debug|Win32
		{E269207E-18F2-4E99-AC63-545331FE4DA7}.Debug|x86.Build.0 = Debug|Win32
		{E269207E-18F2-4E99-AC63-545331FE4DA7}.Release|x64.ActiveCfg = Release|x64
		{E269207E-18F2-4E99-AC63-545331FE4DA7}.Release|x64.Build.0 = Release|x64
		{E269207E-18F2-4E99-AC63-545331FE4DA7}.Release|x86.ActiveCfg = Release|Win32
		{E269207E-18F2-4E99-AC63-545331FE4DA7}.Release|x86.Build.0 = Release|Win32
		{8DBB801A-9953-4181-9A40-2688A0B39381}.Debug|x64.ActiveCfg = Debug|x64
		{8DBB801A-9953-4181-9A40-2688A0B39381}.Debug|x64.Build.0 = Debug|x64
		{8DBB801A-9953-4181-9A40-2688A0B39381}.Debug|x86.ActiveCfg = Debug|Win32
		{8DBB801A-9953-4181-9A40-2688A0B39381}.Debug|x86.Build.0 = Debug|Win32
		{8DBB801A-9953-4181-9A40-2688A0B39381}.Release|x64.ActiveCfg = Release|x64
		{8DBB801A-9953-4181-9A40-2688A0B39381}.Release|x64.Build.0 = Release|x64
		{8DBB801A-9953-4181-9A40-2688A0B39381}.Release|x86.ActiveCfg = Release|Win32
		{8DBB801A-9953-4181-9A40-2688A0B39381}.Release|x86.Build.0 = Release|Win32
	EndGlobalSection
	GlobalSection(SolutionProperties) = preSolution
		HideSolutionNode = FALSE
	EndGlobalSection
	GlobalSection(ExtensibilityGlobals) = postSolution
		SolutionGuid = {0C03CA16-BCF0-4942-BDB0-90DEEE1530F3}
	EndGlobalSection
EndGlobal
